
Microsoft Visual Studio Solution File, Format Version 12.00
# Visual Studio Version 17
VisualStudioVersion = 17.11.35222.181
MinimumVisualStudioVersion = 10.0.40219.1
Project("{9A19103F-16F7-4668-BE54-9A1E7A4F7556}") = "NLUG4F_HSZF_2024251.Console", "NLUG4F_HSZF_2024251\NLUG4F_HSZF_2024251.Console.csproj", "{6A31DD51-17BA-47C4-A9CB-25C47D1385C8}"
EndProject
Project("{9A19103F-16F7-4668-BE54-9A1E7A4F7556}") = "NLUG4F_HSZF_2024251.Applicaion", "NLUG4F_HSZF_2024251.Applicaion\NLUG4F_HSZF_2024251.Applicaion.csproj", "{119334B3-89E8-4F48-AEFB-4113E31D9A60}"
EndProject
Project("{9A19103F-16F7-4668-BE54-9A1E7A4F7556}") = "NLUG4F_HSZF_2024251.Model", "NLUG4F_HSZF_2024251.Model\NLUG4F_HSZF_2024251.Model.csproj", "{229D94E0-1F08-4D4F-B9FF-4C9D962FC73D}"
EndProject
Project("{9A19103F-16F7-4668-BE54-9A1E7A4F7556}") = "NLUG4F_HSZF_2024251.Persistence.MsSql", "NLUG4F_HSZF_2024251.Persistence.MsSql\NLUG4F_HSZF_2024251.Persistence.MsSql.csproj", "{ED9DFF44-F01E-4E86-A5E9-295F592E1252}"
EndProject
Project("{9A19103F-16F7-4668-BE54-9A1E7A4F7556}") = "NLUG4F_HSZF_2024251.Test", "NLUG4F_HSZF_2024251.Test\NLUG4F_HSZF_2024251.Test.csproj", "{9743BE14-1795-4D46-B88B-0A441F72109B}"
EndProject
Project("{2150E333-8FDC-42A3-9474-1A3956D46DE8}") = "Application", "Application", "{190F8913-B5BC-473B-8558-5B7EC7808CDA}"
EndProject
Project("{2150E333-8FDC-42A3-9474-1A3956D46DE8}") = "Domain", "Domain", "{C1295114-301C-4680-9395-9B2DF2930FED}"
EndProject
Project("{2150E333-8FDC-42A3-9474-1A3956D46DE8}") = "Infrastructure", "Infrastructure", "{D75555DE-B805-421C-8906-D343C5ED9C32}"
EndProject
Project("{2150E333-8FDC-42A3-9474-1A3956D46DE8}") = "Presentation", "Presentation", "{84BB7DED-FB38-4851-921C-B555C6F8CB36}"
EndProject
Project("{2150E333-8FDC-42A3-9474-1A3956D46DE8}") = "Tests", "Tests", "{E6431282-EF88-4490-AB0F-E577579F6B66}"
EndProject
Global
	GlobalSection(SolutionConfigurationPlatforms) = preSolution
		Debug|Any CPU = Debug|Any CPU
		Release|Any CPU = Release|Any CPU
	EndGlobalSection
	GlobalSection(ProjectConfigurationPlatforms) = postSolution
		{6A31DD51-17BA-47C4-A9CB-25C47D1385C8}.Debug|Any CPU.ActiveCfg = Debug|Any CPU
		{6A31DD51-17BA-47C4-A9CB-25C47D1385C8}.Debug|Any CPU.Build.0 = Debug|Any CPU
		{6A31DD51-17BA-47C4-A9CB-25C47D1385C8}.Release|Any CPU.ActiveCfg = Release|Any CPU
		{6A31DD51-17BA-47C4-A9CB-25C47D1385C8}.Release|Any CPU.Build.0 = Release|Any CPU
		{119334B3-89E8-4F48-AEFB-4113E31D9A60}.Debug|Any CPU.ActiveCfg = Debug|Any CPU
		{119334B3-89E8-4F48-AEFB-4113E31D9A60}.Debug|Any CPU.Build.0 = Debug|Any CPU
		{119334B3-89E8-4F48-AEFB-4113E31D9A60}.Release|Any CPU.ActiveCfg = Release|Any CPU
		{119334B3-89E8-4F48-AEFB-4113E31D9A60}.Release|Any CPU.Build.0 = Release|Any CPU
		{229D94E0-1F08-4D4F-B9FF-4C9D962FC73D}.Debug|Any CPU.ActiveCfg = Debug|Any CPU
		{229D94E0-1F08-4D4F-B9FF-4C9D962FC73D}.Debug|Any CPU.Build.0 = Debug|Any CPU
		{229D94E0-1F08-4D4F-B9FF-4C9D962FC73D}.Release|Any CPU.ActiveCfg = Release|Any CPU
		{229D94E0-1F08-4D4F-B9FF-4C9D962FC73D}.Release|Any CPU.Build.0 = Release|Any CPU
		{ED9DFF44-F01E-4E86-A5E9-295F592E1252}.Debug|Any CPU.ActiveCfg = Debug|Any CPU
		{ED9DFF44-F01E-4E86-A5E9-295F592E1252}.Debug|Any CPU.Build.0 = Debug|Any CPU
		{ED9DFF44-F01E-4E86-A5E9-295F592E1252}.Release|Any CPU.ActiveCfg = Release|Any CPU
		{ED9DFF44-F01E-4E86-A5E9-295F592E1252}.Release|Any CPU.Build.0 = Release|Any CPU
		{9743BE14-1795-4D46-B88B-0A441F72109B}.Debug|Any CPU.ActiveCfg = Debug|Any CPU
		{9743BE14-1795-4D46-B88B-0A441F72109B}.Debug|Any CPU.Build.0 = Debug|Any CPU
		{9743BE14-1795-4D46-B88B-0A441F72109B}.Release|Any CPU.ActiveCfg = Release|Any CPU
		{9743BE14-1795-4D46-B88B-0A441F72109B}.Release|Any CPU.Build.0 = Release|Any CPU
	EndGlobalSection
	GlobalSection(SolutionProperties) = preSolution
		HideSolutionNode = FALSE
	EndGlobalSection
	GlobalSection(NestedProjects) = preSolution
		{6A31DD51-17BA-47C4-A9CB-25C47D1385C8} = {84BB7DED-FB38-4851-921C-B555C6F8CB36}
		{119334B3-89E8-4F48-AEFB-4113E31D9A60} = {190F8913-B5BC-473B-8558-5B7EC7808CDA}
		{229D94E0-1F08-4D4F-B9FF-4C9D962FC73D} = {C1295114-301C-4680-9395-9B2DF2930FED}
		{ED9DFF44-F01E-4E86-A5E9-295F592E1252} = {D75555DE-B805-421C-8906-D343C5ED9C32}
		{9743BE14-1795-4D46-B88B-0A441F72109B} = {E6431282-EF88-4490-AB0F-E577579F6B66}
	EndGlobalSection
	GlobalSection(ExtensibilityGlobals) = postSolution
		SolutionGuid = {D208FE31-530F-425B-9F6A-4AAE68D70583}
	EndGlobalSection
EndGlobal
